
Microsoft Visual Studio Solution File, Format Version 12.00
# Visual Studio Version 17
VisualStudioVersion = 17.2.32630.192
MinimumVisualStudioVersion = 10.0.40219.1
Project("{FAE04EC0-301F-11D3-BF4B-00C04F79EFBC}") = "Vidly", "Vidly.csproj", "{EC4ABB06-29C5-4975-BE91-DD3557F845E7}"
EndProject
Global
	GlobalSection(SolutionConfigurationPlatforms) = preSolution
		Debug|Any CPU = Debug|Any CPU
		Release|Any CPU = Release|Any CPU
	EndGlobalSection
	GlobalSection(ProjectConfigurationPlatforms) = postSolution
		{EC4ABB06-29C5-4975-BE91-DD3557F845E7}.Debug|Any CPU.ActiveCfg = Debug|Any CPU
		{EC4ABB06-29C5-4975-BE91-DD3557F845E7}.Debug|Any CPU.Build.0 = Debug|Any CPU
		{EC4ABB06-29C5-4975-BE91-DD3557F845E7}.Release|Any CPU.ActiveCfg = Release|Any CPU
		{EC4ABB06-29C5-4975-BE91-DD3557F845E7}.Release|Any CPU.Build.0 = Release|Any CPU
	EndGlobalSection
	GlobalSection(SolutionProperties) = preSolution
		HideSolutionNode = FALSE
	EndGlobalSection
	GlobalSection(ExtensibilityGlobals) = postSolution
		SolutionGuid = {13B5CB72-AFFD-429F-934E-6BFA041D9BA4}
	EndGlobalSection
EndGlobal
